
Microsoft Visual Studio Solution File, Format Version 12.00
# Visual Studio 14
VisualStudioVersion = 14.0.25420.1
MinimumVisualStudioVersion = 10.0.40219.1
Project("{F2A71F9B-5D33-465A-A702-920D77279786}") = "OneX", "OneX.fsproj", "{97EA59F0-E4E9-4776-A92E-56DE1A582CBF}"
EndProject
Project("{F2A71F9B-5D33-465A-A702-920D77279786}") = "OneX.Core", "OneX.Core\OneX.Core.fsproj", "{F9700CC1-31F0-40E3-85A4-7BE40EC19642}"
EndProject
Project("{FAE04EC0-301F-11D3-BF4B-00C04F79EFBC}") = "OneX.WebApp", "OneX.WebApp\OneX.WebApp.csproj", "{8D1AB0C9-E6E3-46F1-80B5-7E32A3A8133C}"
EndProject
Global
	GlobalSection(SolutionConfigurationPlatforms) = preSolution
		Debug|Any CPU = Debug|Any CPU
		Release|Any CPU = Release|Any CPU
	EndGlobalSection
	GlobalSection(ProjectConfigurationPlatforms) = postSolution
		{97EA59F0-E4E9-4776-A92E-56DE1A582CBF}.Debug|Any CPU.ActiveCfg = Debug|Any CPU
		{97EA59F0-E4E9-4776-A92E-56DE1A582CBF}.Debug|Any CPU.Build.0 = Debug|Any CPU
		{97EA59F0-E4E9-4776-A92E-56DE1A582CBF}.Release|Any CPU.ActiveCfg = Release|Any CPU
		{97EA59F0-E4E9-4776-A92E-56DE1A582CBF}.Release|Any CPU.Build.0 = Release|Any CPU
		{F9700CC1-31F0-40E3-85A4-7BE40EC19642}.Debug|Any CPU.ActiveCfg = Debug|Any CPU
		{F9700CC1-31F0-40E3-85A4-7BE40EC19642}.Debug|Any CPU.Build.0 = Debug|Any CPU
		{F9700CC1-31F0-40E3-85A4-7BE40EC19642}.Release|Any CPU.ActiveCfg = Release|Any CPU
		{F9700CC1-31F0-40E3-85A4-7BE40EC19642}.Release|Any CPU.Build.0 = Release|Any CPU
		{8D1AB0C9-E6E3-46F1-80B5-7E32A3A8133C}.Debug|Any CPU.ActiveCfg = Debug|Any CPU
		{8D1AB0C9-E6E3-46F1-80B5-7E32A3A8133C}.Debug|Any CPU.Build.0 = Debug|Any CPU
		{8D1AB0C9-E6E3-46F1-80B5-7E32A3A8133C}.Release|Any CPU.ActiveCfg = Release|Any CPU
		{8D1AB0C9-E6E3-46F1-80B5-7E32A3A8133C}.Release|Any CPU.Build.0 = Release|Any CPU
	EndGlobalSection
	GlobalSection(SolutionProperties) = preSolution
		HideSolutionNode = FALSE
	EndGlobalSection
	GlobalSection(ExtensibilityGlobals) = postSolution
		SolutionGuid = {AA934728-4CE8-4A3B-904C-35408CDD474D}
	EndGlobalSection
EndGlobal
